
Microsoft Visual Studio Solution File, Format Version 12.00
# Visual Studio Version 16
VisualStudioVersion = 16.0.30413.136
MinimumVisualStudioVersion = 10.0.40219.1
Project("{8BC9CEB8-8B4A-11D0-8D11-00A0C91BC942}") = "Sandbox", "Sandbox\Sandbox.vcxproj", "{A0F887FC-9C45-4C6B-A0E0-5FA3766F4445}"
EndProject
Project("{8BC9CEB8-8B4A-11D0-8D11-00A0C91BC942}") = "Engine", "Engine\Engine.vcxproj", "{A72D06C9-E5A6-44CF-AC66-D39D58EDCC23}"
EndProject
Global
	GlobalSection(SolutionConfigurationPlatforms) = preSolution
		Debug|x64 = Debug|x64
		Release|x64 = Release|x64
	EndGlobalSection
	GlobalSection(ProjectConfigurationPlatforms) = postSolution
		{A72D06C9-E5A6-44CF-AC66-D39D58EDCC23}.Debug|x64.ActiveCfg = Debug|x64
		{A72D06C9-E5A6-44CF-AC66-D39D58EDCC23}.Debug|x64.Build.0 = Debug|x64
		{A72D06C9-E5A6-44CF-AC66-D39D58EDCC23}.Release|x64.ActiveCfg = Release|x64
		{A72D06C9-E5A6-44CF-AC66-D39D58EDCC23}.Release|x64.Build.0 = Release|x64
		{A0F887FC-9C45-4C6B-A0E0-5FA3766F4445}.Debug|x64.ActiveCfg = Debug|x64
		{A0F887FC-9C45-4C6B-A0E0-5FA3766F4445}.Debug|x64.Build.0 = Debug|x64
		{A0F887FC-9C45-4C6B-A0E0-5FA3766F4445}.Release|x64.ActiveCfg = Release|x64
		{A0F887FC-9C45-4C6B-A0E0-5FA3766F4445}.Release|x64.Build.0 = Release|x64
	EndGlobalSection
	GlobalSection(SolutionProperties) = preSolution
		HideSolutionNode = FALSE
	EndGlobalSection
	GlobalSection(ExtensibilityGlobals) = postSolution
		SolutionGuid = {6D94111E-0613-4404-87B1-82C14C891617}
	EndGlobalSection
EndGlobal
