<?xml version="1.0" encoding="utf-8"?>
<Project ToolsVersion="4.0" xmlns="http://schemas.microsoft.com/developer/msbuild/2003">
  <ItemGroup>
    <Filter Include="src">
      <UniqueIdentifier>{2DAB880B-99B4-887C-2230-9F7C8E38947C}</UniqueIdentifier>
    </Filter>
    <Filter Include="src\Engine">
      <UniqueIdentifier>{12A1320E-FE58-745B-6760-4DB753370F4C}</UniqueIdentifier>
    </Filter>
    <Filter Include="src\Engine\Events">
      <UniqueIdentifier>{B624EAB0-223B-E846-6BB2-7368D707B9CE}</UniqueIdentifier>
    </Filter>
    <Filter Include="src\Engine\ImGui">
      <UniqueIdentifier>{BC1B88A8-A814-A7FA-D146-8C7FBD9E8606}</UniqueIdentifier>
    </Filter>
    <Filter Include="src\Engine\Rendering">
      <UniqueIdentifier>{DF6828EB-CBF7-B1B4-7416-C6AF6084C25A}</UniqueIdentifier>
    </Filter>
    <Filter Include="src\Engine\core">
      <UniqueIdentifier>{CACC8679-3658-F43D-3F69-7732AB73503E}</UniqueIdentifier>
    </Filter>
    <Filter Include="src\Engine\datatypes">
      <UniqueIdentifier>{F05CD232-DCEB-5BFC-850A-70F771786CA2}</UniqueIdentifier>
    </Filter>
    <Filter Include="src\Engine\objects">
      <UniqueIdentifier>{EBC9EA40-D7AD-AB96-400E-A6E92C119618}</UniqueIdentifier>
    </Filter>
    <Filter Include="src\Platform">
      <UniqueIdentifier>{21CA02E5-0D2D-9289-B6B2-CA3FA2F45D0C}</UniqueIdentifier>
    </Filter>
    <Filter Include="src\Platform\OpenGL">
      <UniqueIdentifier>{35A49437-A105-7245-2A73-B8F796D3A804}</UniqueIdentifier>
    </Filter>
    <Filter Include="src\Platform\Windows">
      <UniqueIdentifier>{5B054582-4794-CE4B-F0B2-E246DC20DFF1}</UniqueIdentifier>
    </Filter>
    <Filter Include="vendor">
      <UniqueIdentifier>{B3738122-9F15-ACF8-88D0-BF4C74113349}</UniqueIdentifier>
    </Filter>
    <Filter Include="vendor\stb_image">
      <UniqueIdentifier>{0DA0BA59-F998-D9AB-22CB-BE300E23B9B7}</UniqueIdentifier>
    </Filter>
  </ItemGroup>
  <ItemGroup>
    <ClInclude Include="src\Engine.hpp">
      <Filter>src</Filter>
    </ClInclude>
    <ClInclude Include="src\Engine\Application.hpp">
      <Filter>src\Engine</Filter>
    </ClInclude>
    <ClInclude Include="src\Engine\EntryPoint.hpp">
      <Filter>src\Engine</Filter>
    </ClInclude>
    <ClInclude Include="src\Engine\Events\ApplicationEvent.hpp">
      <Filter>src\Engine\Events</Filter>
    </ClInclude>
    <ClInclude Include="src\Engine\Events\Event.hpp">
      <Filter>src\Engine\Events</Filter>
    </ClInclude>
    <ClInclude Include="src\Engine\Events\KeyEvent.hpp">
      <Filter>src\Engine\Events</Filter>
    </ClInclude>
    <ClInclude Include="src\Engine\Events\MouseEvent.hpp">
      <Filter>src\Engine\Events</Filter>
    </ClInclude>
    <ClInclude Include="src\Engine\ImGui\ImGuiLayer.hpp">
      <Filter>src\Engine\ImGui</Filter>
    </ClInclude>
    <ClInclude Include="src\Engine\Log.hpp">
      <Filter>src\Engine</Filter>
    </ClInclude>
    <ClInclude Include="src\Engine\Rendering\GraphicsContext.hpp">
      <Filter>src\Engine\Rendering</Filter>
    </ClInclude>
    <ClInclude Include="src\Engine\Rendering\buffers.hpp">
      <Filter>src\Engine\Rendering</Filter>
    </ClInclude>
    <ClInclude Include="src\Engine\Rendering\lights.hpp">
      <Filter>src\Engine\Rendering</Filter>
    </ClInclude>
    <ClInclude Include="src\Engine\Rendering\material.hpp">
      <Filter>src\Engine\Rendering</Filter>
    </ClInclude>
    <ClInclude Include="src\Engine\Rendering\perspCam.hpp">
      <Filter>src\Engine\Rendering</Filter>
    </ClInclude>
    <ClInclude Include="src\Engine\Rendering\renderCommand.hpp">
      <Filter>src\Engine\Rendering</Filter>
    </ClInclude>
    <ClInclude Include="src\Engine\Rendering\renderer.hpp">
      <Filter>src\Engine\Rendering</Filter>
    </ClInclude>
    <ClInclude Include="src\Engine\Rendering\rendererAPI.hpp">
      <Filter>src\Engine\Rendering</Filter>
    </ClInclude>
    <ClInclude Include="src\Engine\Rendering\shader.hpp">
      <Filter>src\Engine\Rendering</Filter>
    </ClInclude>
    <ClInclude Include="src\Engine\Rendering\texture.hpp">
      <Filter>src\Engine\Rendering</Filter>
    </ClInclude>
    <ClInclude Include="src\Engine\Rendering\vertexArray.hpp">
      <Filter>src\Engine\Rendering</Filter>
    </ClInclude>
    <ClInclude Include="src\Engine\Rendering\vertexBufferLayout.hpp">
      <Filter>src\Engine\Rendering</Filter>
    </ClInclude>
    <ClInclude Include="src\Engine\core.hpp">
      <Filter>src\Engine</Filter>
    </ClInclude>
    <ClInclude Include="src\Engine\core\timeStep.hpp">
      <Filter>src\Engine\core</Filter>
    </ClInclude>
    <ClInclude Include="src\Engine\datatypes\include.hpp">
      <Filter>src\Engine\datatypes</Filter>
    </ClInclude>
    <ClInclude Include="src\Engine\datatypes\mat4.hpp">
      <Filter>src\Engine\datatypes</Filter>
    </ClInclude>
    <ClInclude Include="src\Engine\datatypes\types.hpp">
      <Filter>src\Engine\datatypes</Filter>
    </ClInclude>
    <ClInclude Include="src\Engine\datatypes\vec3.hpp">
      <Filter>src\Engine\datatypes</Filter>
    </ClInclude>
    <ClInclude Include="src\Engine\datatypes\vec4.hpp">
      <Filter>src\Engine\datatypes</Filter>
    </ClInclude>
    <ClInclude Include="src\Engine\input.hpp">
      <Filter>src\Engine</Filter>
    </ClInclude>
    <ClInclude Include="src\Engine\keyCodes.hpp">
      <Filter>src\Engine</Filter>
    </ClInclude>
    <ClInclude Include="src\Engine\layer.hpp">
      <Filter>src\Engine</Filter>
    </ClInclude>
    <ClInclude Include="src\Engine\layerStack.hpp">
      <Filter>src\Engine</Filter>
    </ClInclude>
    <ClInclude Include="src\Engine\mouseButtonCodes.hpp">
      <Filter>src\Engine</Filter>
    </ClInclude>
    <ClInclude Include="src\Engine\objects\mesh.hpp">
      <Filter>src\Engine\objects</Filter>
    </ClInclude>
    <ClInclude Include="src\Engine\window.hpp">
      <Filter>src\Engine</Filter>
    </ClInclude>
    <ClInclude Include="src\Engpch.hpp">
      <Filter>src</Filter>
    </ClInclude>
    <ClInclude Include="src\Platform\OpenGL\GLbuffers.hpp">
      <Filter>src\Platform\OpenGL</Filter>
    </ClInclude>
    <ClInclude Include="src\Platform\OpenGL\OpenGLContext.hpp">
      <Filter>src\Platform\OpenGL</Filter>
    </ClInclude>
    <ClInclude Include="src\Platform\OpenGL\OpenGLShader.hpp">
      <Filter>src\Platform\OpenGL</Filter>
    </ClInclude>
    <ClInclude Include="src\Platform\OpenGL\OpenGLTexture.hpp">
      <Filter>src\Platform\OpenGL</Filter>
    </ClInclude>
    <ClInclude Include="src\Platform\OpenGL\OpenGLVertexArray.hpp">
      <Filter>src\Platform\OpenGL</Filter>
    </ClInclude>
    <ClInclude Include="src\Platform\OpenGL\OpenGLVertexBufferLayout.hpp">
      <Filter>src\Platform\OpenGL</Filter>
    </ClInclude>
    <ClInclude Include="src\Platform\OpenGL\glCore.hpp">
      <Filter>src\Platform\OpenGL</Filter>
    </ClInclude>
    <ClInclude Include="src\Platform\OpenGL\openGLRendererAPI.hpp">
      <Filter>src\Platform\OpenGL</Filter>
    </ClInclude>
    <ClInclude Include="src\Platform\Windows\windowsInput.hpp">
      <Filter>src\Platform\Windows</Filter>
    </ClInclude>
    <ClInclude Include="src\Platform\Windows\windowsWindow.hpp">
      <Filter>src\Platform\Windows</Filter>
    </ClInclude>
    <ClInclude Include="vendor\stb_image\stb_image.hpp">
      <Filter>vendor\stb_image</Filter>
    </ClInclude>
    <ClInclude Include="src\Engine\Rendering\orthographicCam.hpp" />
  </ItemGroup>
  <ItemGroup>
    <ClCompile Include="src\Engine\Application.cpp">
      <Filter>src\Engine</Filter>
    </ClCompile>
    <ClCompile Include="src\Engine\ImGui\ImGuiBuild.cpp">
      <Filter>src\Engine\ImGui</Filter>
    </ClCompile>
    <ClCompile Include="src\Engine\ImGui\ImGuyLayer.cpp">
      <Filter>src\Engine\ImGui</Filter>
    </ClCompile>
    <ClCompile Include="src\Engine\Log.cpp">
      <Filter>src\Engine</Filter>
    </ClCompile>
    <ClCompile Include="src\Engine\Rendering\GraphicsContext.cpp">
      <Filter>src\Engine\Rendering</Filter>
    </ClCompile>
    <ClCompile Include="src\Engine\Rendering\buffers.cpp">
      <Filter>src\Engine\Rendering</Filter>
    </ClCompile>
    <ClCompile Include="src\Engine\Rendering\lights.cpp">
      <Filter>src\Engine\Rendering</Filter>
    </ClCompile>
    <ClCompile Include="src\Engine\Rendering\material.cpp">
      <Filter>src\Engine\Rendering</Filter>
    </ClCompile>
    <ClCompile Include="src\Engine\Rendering\perspCam.cpp">
      <Filter>src\Engine\Rendering</Filter>
    </ClCompile>
    <ClCompile Include="src\Engine\Rendering\renderCommand.cpp">
      <Filter>src\Engine\Rendering</Filter>
    </ClCompile>
    <ClCompile Include="src\Engine\Rendering\renderer.cpp">
      <Filter>src\Engine\Rendering</Filter>
    </ClCompile>
    <ClCompile Include="src\Engine\Rendering\rendererAPI.cpp">
      <Filter>src\Engine\Rendering</Filter>
    </ClCompile>
    <ClCompile Include="src\Engine\Rendering\shader.cpp">
      <Filter>src\Engine\Rendering</Filter>
    </ClCompile>
    <ClCompile Include="src\Engine\Rendering\texture.cpp">
      <Filter>src\Engine\Rendering</Filter>
    </ClCompile>
    <ClCompile Include="src\Engine\Rendering\vertexArray.cpp">
      <Filter>src\Engine\Rendering</Filter>
    </ClCompile>
    <ClCompile Include="src\Engine\Rendering\vertexBufferLayout.cpp">
      <Filter>src\Engine\Rendering</Filter>
    </ClCompile>
    <ClCompile Include="src\Engine\layer.cpp">
      <Filter>src\Engine</Filter>
    </ClCompile>
    <ClCompile Include="src\Engine\layerStack.cpp">
      <Filter>src\Engine</Filter>
    </ClCompile>
    <ClCompile Include="src\Engine\objects\mesh.cpp">
      <Filter>src\Engine\objects</Filter>
    </ClCompile>
    <ClCompile Include="src\Engpch.cpp">
      <Filter>src</Filter>
    </ClCompile>
    <ClCompile Include="src\Platform\OpenGL\OpenGLContext.cpp">
      <Filter>src\Platform\OpenGL</Filter>
    </ClCompile>
    <ClCompile Include="src\Platform\OpenGL\OpenGLShader.cpp">
      <Filter>src\Platform\OpenGL</Filter>
    </ClCompile>
    <ClCompile Include="src\Platform\OpenGL\OpenGLTexture.cpp">
      <Filter>src\Platform\OpenGL</Filter>
    </ClCompile>
    <ClCompile Include="src\Platform\OpenGL\OpenGLVertexArray.cpp">
      <Filter>src\Platform\OpenGL</Filter>
    </ClCompile>
    <ClCompile Include="src\Platform\OpenGL\OpenGLVertexBufferLayout.cpp">
      <Filter>src\Platform\OpenGL</Filter>
    </ClCompile>
    <ClCompile Include="src\Platform\OpenGL\glBuffers.cpp">
      <Filter>src\Platform\OpenGL</Filter>
    </ClCompile>
    <ClCompile Include="src\Platform\OpenGL\glCore.cpp">
      <Filter>src\Platform\OpenGL</Filter>
    </ClCompile>
    <ClCompile Include="src\Platform\OpenGL\openGLRendererAPI.cpp">
      <Filter>src\Platform\OpenGL</Filter>
    </ClCompile>
    <ClCompile Include="src\Platform\Windows\windowsInput.cpp">
      <Filter>src\Platform\Windows</Filter>
    </ClCompile>
    <ClCompile Include="src\Platform\Windows\windowsWindow.cpp">
      <Filter>src\Platform\Windows</Filter>
    </ClCompile>
    <ClCompile Include="vendor\stb_image\stb_image.cpp">
      <Filter>vendor\stb_image</Filter>
    </ClCompile>
    <ClCompile Include="src\Engine\Rendering\orthographicCam.cpp" />
  </ItemGroup>
</Project>